
Microsoft Visual Studio Solution File, Format Version 12.00
# Visual Studio Version 16
VisualStudioVersion = 16.0.31410.357
MinimumVisualStudioVersion = 10.0.40219.1
Project("{FAE04EC0-301F-11D3-BF4B-00C04F79EFBC}") = "Cartesian System UC-1", "Cartesian System\Cartesian System UC-1.csproj", "{561EC3D0-69EF-4E34-AE7E-6CDA270248B1}"
EndProject
Project("{FAE04EC0-301F-11D3-BF4B-00C04F79EFBC}") = "Cartesian System UC-2", "Cartesian System UC-2\Cartesian System UC-2.csproj", "{74998EFF-FD5C-46BB-8981-9145FA72B130}"
EndProject
Project("{FAE04EC0-301F-11D3-BF4B-00C04F79EFBC}") = "Cartesian System UC-3", "Cartesian System UC-3\Cartesian System UC-3.csproj", "{D3BEE401-8F4E-4C04-A32A-9FCB01F9F1DC}"
EndProject
Global
	GlobalSection(SolutionConfigurationPlatforms) = preSolution
		Debug|Any CPU = Debug|Any CPU
		Release|Any CPU = Release|Any CPU
	EndGlobalSection
	GlobalSection(ProjectConfigurationPlatforms) = postSolution
		{561EC3D0-69EF-4E34-AE7E-6CDA270248B1}.Debug|Any CPU.ActiveCfg = Debug|Any CPU
		{561EC3D0-69EF-4E34-AE7E-6CDA270248B1}.Debug|Any CPU.Build.0 = Debug|Any CPU
		{561EC3D0-69EF-4E34-AE7E-6CDA270248B1}.Release|Any CPU.ActiveCfg = Release|Any CPU
		{561EC3D0-69EF-4E34-AE7E-6CDA270248B1}.Release|Any CPU.Build.0 = Release|Any CPU
		{74998EFF-FD5C-46BB-8981-9145FA72B130}.Debug|Any CPU.ActiveCfg = Debug|Any CPU
		{74998EFF-FD5C-46BB-8981-9145FA72B130}.Debug|Any CPU.Build.0 = Debug|Any CPU
		{74998EFF-FD5C-46BB-8981-9145FA72B130}.Release|Any CPU.ActiveCfg = Release|Any CPU
		{74998EFF-FD5C-46BB-8981-9145FA72B130}.Release|Any CPU.Build.0 = Release|Any CPU
		{D3BEE401-8F4E-4C04-A32A-9FCB01F9F1DC}.Debug|Any CPU.ActiveCfg = Debug|Any CPU
		{D3BEE401-8F4E-4C04-A32A-9FCB01F9F1DC}.Debug|Any CPU.Build.0 = Debug|Any CPU
		{D3BEE401-8F4E-4C04-A32A-9FCB01F9F1DC}.Release|Any CPU.ActiveCfg = Release|Any CPU
		{D3BEE401-8F4E-4C04-A32A-9FCB01F9F1DC}.Release|Any CPU.Build.0 = Release|Any CPU
	EndGlobalSection
	GlobalSection(SolutionProperties) = preSolution
		HideSolutionNode = FALSE
	EndGlobalSection
	GlobalSection(ExtensibilityGlobals) = postSolution
		SolutionGuid = {A38AF145-2E10-465A-B2B2-B9CAE87E1A08}
	EndGlobalSection
EndGlobal
